// !$*UTF8*$!
{
	archiveVersion = 1;
	classes = {
	};
	objectVersion = 46;
	objects = {

/* Begin PBXBuildFile section */
		0A2279FB160E6CA700E37FDE /* LocationDetails.m in Sources */ = {isa = PBXBuildFile; fileRef = 0A2279FA160E6CA700E37FDE /* LocationDetails.m */; };
		0A2279FE160E6CA700E37FDE /* LocationInfo.m in Sources */ = {isa = PBXBuildFile; fileRef = 0A2279FD160E6CA700E37FDE /* LocationInfo.m */; };
		0A4DBA9A1660404800CD17F3 /* UIBarButtonItem+WEPopover.m in Sources */ = {isa = PBXBuildFile; fileRef = 0A4DBA921660404800CD17F3 /* UIBarButtonItem+WEPopover.m */; };
		0A4DBA9B1660404800CD17F3 /* WEPopoverContainerView.m in Sources */ = {isa = PBXBuildFile; fileRef = 0A4DBA941660404800CD17F3 /* WEPopoverContainerView.m */; settings = {COMPILER_FLAGS = "-fno-objc-arc"; }; };
		0A4DBA9C1660404800CD17F3 /* WEPopoverController.m in Sources */ = {isa = PBXBuildFile; fileRef = 0A4DBA961660404800CD17F3 /* WEPopoverController.m */; settings = {COMPILER_FLAGS = "-fno-objc-arc"; }; };
		0A4DBA9D1660404800CD17F3 /* WETouchableView.m in Sources */ = {isa = PBXBuildFile; fileRef = 0A4DBA991660404800CD17F3 /* WETouchableView.m */; settings = {COMPILER_FLAGS = "-fno-objc-arc"; }; };
		0A4DBAAD166040B400CD17F3 /* popoverArrowDown.png in Resources */ = {isa = PBXBuildFile; fileRef = 0A4DBA9E166040B400CD17F3 /* popoverArrowDown.png */; };
		0A4DBAAE166040B400CD17F3 /* popoverArrowDown@2x.png in Resources */ = {isa = PBXBuildFile; fileRef = 0A4DBA9F166040B400CD17F3 /* popoverArrowDown@2x.png */; };
		0A4DBAAF166040B400CD17F3 /* popoverArrowDownSimple.png in Resources */ = {isa = PBXBuildFile; fileRef = 0A4DBAA0166040B400CD17F3 /* popoverArrowDownSimple.png */; };
		0A4DBAB0166040B400CD17F3 /* popoverArrowLeft.png in Resources */ = {isa = PBXBuildFile; fileRef = 0A4DBAA1166040B400CD17F3 /* popoverArrowLeft.png */; };
		0A4DBAB1166040B400CD17F3 /* popoverArrowLeft@2x.png in Resources */ = {isa = PBXBuildFile; fileRef = 0A4DBAA2166040B400CD17F3 /* popoverArrowLeft@2x.png */; };
		0A4DBAB2166040B400CD17F3 /* popoverArrowLeftSimple.png in Resources */ = {isa = PBXBuildFile; fileRef = 0A4DBAA3166040B400CD17F3 /* popoverArrowLeftSimple.png */; };
		0A4DBAB3166040B400CD17F3 /* popoverArrowRight.png in Resources */ = {isa = PBXBuildFile; fileRef = 0A4DBAA4166040B400CD17F3 /* popoverArrowRight.png */; };
		0A4DBAB4166040B400CD17F3 /* popoverArrowRight@2x.png in Resources */ = {isa = PBXBuildFile; fileRef = 0A4DBAA5166040B400CD17F3 /* popoverArrowRight@2x.png */; };
		0A4DBAB5166040B400CD17F3 /* popoverArrowRightSimple.png in Resources */ = {isa = PBXBuildFile; fileRef = 0A4DBAA6166040B400CD17F3 /* popoverArrowRightSimple.png */; };
		0A4DBAB6166040B400CD17F3 /* popoverArrowUp.png in Resources */ = {isa = PBXBuildFile; fileRef = 0A4DBAA7166040B400CD17F3 /* popoverArrowUp.png */; };
		0A4DBAB7166040B400CD17F3 /* popoverArrowUp@2x.png in Resources */ = {isa = PBXBuildFile; fileRef = 0A4DBAA8166040B400CD17F3 /* popoverArrowUp@2x.png */; };
		0A4DBAB8166040B400CD17F3 /* popoverArrowUpSimple.png in Resources */ = {isa = PBXBuildFile; fileRef = 0A4DBAA9166040B400CD17F3 /* popoverArrowUpSimple.png */; };
		0A4DBAB9166040B400CD17F3 /* popoverBg.png in Resources */ = {isa = PBXBuildFile; fileRef = 0A4DBAAA166040B400CD17F3 /* popoverBg.png */; };
		0A4DBABA166040B400CD17F3 /* popoverBg@2x.png in Resources */ = {isa = PBXBuildFile; fileRef = 0A4DBAAB166040B400CD17F3 /* popoverBg@2x.png */; };
		0A4DBABB166040B400CD17F3 /* popoverBgSimple.png in Resources */ = {isa = PBXBuildFile; fileRef = 0A4DBAAC166040B400CD17F3 /* popoverBgSimple.png */; };
		0A4DBABE166040BF00CD17F3 /* PopoverViewController.m in Sources */ = {isa = PBXBuildFile; fileRef = 0A4DBABD166040BF00CD17F3 /* PopoverViewController.m */; };
		0A4DBAD11661541E00CD17F3 /* orange-pin.png in Resources */ = {isa = PBXBuildFile; fileRef = 0A4DBAD01661541E00CD17F3 /* orange-pin.png */; };
		0A4DBAD41661EDB600CD17F3 /* AboutViewController.m in Sources */ = {isa = PBXBuildFile; fileRef = 0A4DBAD31661EDB500CD17F3 /* AboutViewController.m */; };
		0A556F8B15F2C42600C5638C /* Reachability.m in Sources */ = {isa = PBXBuildFile; fileRef = 0A556F7715F2C42600C5638C /* Reachability.m */; settings = {COMPILER_FLAGS = "-fno-objc-arc"; }; };
		0A556F8C15F2C42600C5638C /* ASIAuthenticationDialog.m in Sources */ = {isa = PBXBuildFile; fileRef = 0A556F7815F2C42600C5638C /* ASIAuthenticationDialog.m */; settings = {COMPILER_FLAGS = "-fno-objc-arc"; }; };
		0A556F8D15F2C42600C5638C /* ASIDataCompressor.m in Sources */ = {isa = PBXBuildFile; fileRef = 0A556F7B15F2C42600C5638C /* ASIDataCompressor.m */; settings = {COMPILER_FLAGS = "-fno-objc-arc"; }; };
		0A556F8E15F2C42600C5638C /* ASIDataDecompressor.m in Sources */ = {isa = PBXBuildFile; fileRef = 0A556F7D15F2C42600C5638C /* ASIDataDecompressor.m */; settings = {COMPILER_FLAGS = "-fno-objc-arc"; }; };
		0A556F8F15F2C42600C5638C /* ASIDownloadCache.m in Sources */ = {isa = PBXBuildFile; fileRef = 0A556F7F15F2C42600C5638C /* ASIDownloadCache.m */; settings = {COMPILER_FLAGS = "-fno-objc-arc"; }; };
		0A556F9015F2C42600C5638C /* ASIFormDataRequest.m in Sources */ = {isa = PBXBuildFile; fileRef = 0A556F8115F2C42600C5638C /* ASIFormDataRequest.m */; settings = {COMPILER_FLAGS = "-fno-objc-arc"; }; };
		0A556F9115F2C42600C5638C /* ASIHTTPRequest.m in Sources */ = {isa = PBXBuildFile; fileRef = 0A556F8315F2C42600C5638C /* ASIHTTPRequest.m */; settings = {COMPILER_FLAGS = "-fno-objc-arc"; }; };
		0A556F9215F2C42600C5638C /* ASIInputStream.m in Sources */ = {isa = PBXBuildFile; fileRef = 0A556F8715F2C42600C5638C /* ASIInputStream.m */; settings = {COMPILER_FLAGS = "-fno-objc-arc"; }; };
		0A556F9315F2C42600C5638C /* ASINetworkQueue.m in Sources */ = {isa = PBXBuildFile; fileRef = 0A556F8915F2C42600C5638C /* ASINetworkQueue.m */; settings = {COMPILER_FLAGS = "-fno-objc-arc"; }; };
		0A556F9715F2C45000C5638C /* MBProgressHUD.m in Sources */ = {isa = PBXBuildFile; fileRef = 0A556F9615F2C45000C5638C /* MBProgressHUD.m */; };
		0A556F9915F2C47800C5638C /* wifi-pin.png in Resources */ = {isa = PBXBuildFile; fileRef = 0A556F9815F2C47800C5638C /* wifi-pin.png */; };
		0A556F9B15F2C4B200C5638C /* CFNetwork.framework in Frameworks */ = {isa = PBXBuildFile; fileRef = 0A556F9A15F2C4B200C5638C /* CFNetwork.framework */; };
		0A556F9D15F2C4BA00C5638C /* SystemConfiguration.framework in Frameworks */ = {isa = PBXBuildFile; fileRef = 0A556F9C15F2C4BA00C5638C /* SystemConfiguration.framework */; };
		0A556F9F15F2C4C300C5638C /* MobileCoreServices.framework in Frameworks */ = {isa = PBXBuildFile; fileRef = 0A556F9E15F2C4C300C5638C /* MobileCoreServices.framework */; };
		0A556FA115F2C4D700C5638C /* libz.1.1.3.dylib in Frameworks */ = {isa = PBXBuildFile; fileRef = 0A556FA015F2C4D700C5638C /* libz.1.1.3.dylib */; };
		0A556FA315F3D24B00C5638C /* command.json in Resources */ = {isa = PBXBuildFile; fileRef = 0A556FA215F3D24B00C5638C /* command.json */; };
		0A556FA715F41F9C00C5638C /* SMXMLDocument.m in Sources */ = {isa = PBXBuildFile; fileRef = 0A556FA615F41F9C00C5638C /* SMXMLDocument.m */; settings = {COMPILER_FLAGS = "-fno-objc-arc"; }; };
		0A65F1DB15ED6EB200E58FC5 /* UIKit.framework in Frameworks */ = {isa = PBXBuildFile; fileRef = 0A65F1DA15ED6EB200E58FC5 /* UIKit.framework */; };
		0A65F1DD15ED6EB200E58FC5 /* Foundation.framework in Frameworks */ = {isa = PBXBuildFile; fileRef = 0A65F1DC15ED6EB200E58FC5 /* Foundation.framework */; };
		0A65F1DF15ED6EB200E58FC5 /* CoreGraphics.framework in Frameworks */ = {isa = PBXBuildFile; fileRef = 0A65F1DE15ED6EB200E58FC5 /* CoreGraphics.framework */; };
		0A65F1E515ED6EB200E58FC5 /* InfoPlist.strings in Resources */ = {isa = PBXBuildFile; fileRef = 0A65F1E315ED6EB200E58FC5 /* InfoPlist.strings */; };
		0A65F1E715ED6EB200E58FC5 /* main.m in Sources */ = {isa = PBXBuildFile; fileRef = 0A65F1E615ED6EB200E58FC5 /* main.m */; };
		0A65F1EB15ED6EB200E58FC5 /* AppDelegate.m in Sources */ = {isa = PBXBuildFile; fileRef = 0A65F1EA15ED6EB200E58FC5 /* AppDelegate.m */; };
		0A65F1EE15ED6EB200E58FC5 /* MainStoryboard.storyboard in Resources */ = {isa = PBXBuildFile; fileRef = 0A65F1EC15ED6EB200E58FC5 /* MainStoryboard.storyboard */; };
		0A65F1F115ED6EB200E58FC5 /* MapViewController.m in Sources */ = {isa = PBXBuildFile; fileRef = 0A65F1F015ED6EB200E58FC5 /* MapViewController.m */; };
		0A83BBA41646D2AF00319860 /* Default-568h@2x.png in Resources */ = {isa = PBXBuildFile; fileRef = 0A83BBA31646D2AF00319860 /* Default-568h@2x.png */; };
		0A9679F215F7FEDB00EB60B6 /* ListViewController.m in Sources */ = {isa = PBXBuildFile; fileRef = 0A9679F115F7FEDB00EB60B6 /* ListViewController.m */; };
		0A9DE5C516581900009EAF5E /* tab-notepad.png in Resources */ = {isa = PBXBuildFile; fileRef = 0A9DE5C3165818FF009EAF5E /* tab-notepad.png */; };
		0A9DE5C616581900009EAF5E /* tab-pin.png in Resources */ = {isa = PBXBuildFile; fileRef = 0A9DE5C4165818FF009EAF5E /* tab-pin.png */; };
		0A9DE5C916584CD2009EAF5E /* LocationDetailTVC.m in Sources */ = {isa = PBXBuildFile; fileRef = 0A9DE5C816584CD2009EAF5E /* LocationDetailTVC.m */; };
		0A9E08D8165CA06100DFF08C /* green-pin.png in Resources */ = {isa = PBXBuildFile; fileRef = 0A9E08D7165CA06100DFF08C /* green-pin.png */; };
		0A9E08DB165D4AD400DFF08C /* yellow-pin.png in Resources */ = {isa = PBXBuildFile; fileRef = 0A9E08DA165D4AD400DFF08C /* yellow-pin.png */; };
		0AA37CDA15F1D54D00659109 /* ButtonMenu.png in Resources */ = {isa = PBXBuildFile; fileRef = 0AA37CD915F1D54D00659109 /* ButtonMenu.png */; };
		0AAC8FAE15FEA50E003B85F7 /* CoreData.framework in Frameworks */ = {isa = PBXBuildFile; fileRef = 0AAC8FAD15FEA50E003B85F7 /* CoreData.framework */; };
		0AAC8FB115FEA53D003B85F7 /* nycwifi.xcdatamodeld in Sources */ = {isa = PBXBuildFile; fileRef = 0AAC8FAF15FEA53D003B85F7 /* nycwifi.xcdatamodeld */; };
		0AD7BC8C16632D0B006745F7 /* MessageUI.framework in Frameworks */ = {isa = PBXBuildFile; fileRef = 0AD7BC8B16632D0B006745F7 /* MessageUI.framework */; };
		0AEE2C7F15F1660A003C3BE8 /* CoreLocation.framework in Frameworks */ = {isa = PBXBuildFile; fileRef = 0AEE2C7E15F1660A003C3BE8 /* CoreLocation.framework */; };
		0AFFD5F715F133720023C83C /* MapKit.framework in Frameworks */ = {isa = PBXBuildFile; fileRef = 0AFFD5F615F133720023C83C /* MapKit.framework */; };
		0AFFD5FF15F140770023C83C /* MapLocation.m in Sources */ = {isa = PBXBuildFile; fileRef = 0AFFD5FE15F140770023C83C /* MapLocation.m */; };
		0AFFF9501645A3E7001E3D6F /* location-button.png in Resources */ = {isa = PBXBuildFile; fileRef = 0AFFF94F1645A3E7001E3D6F /* location-button.png */; };
		0AFFF9531645A80B001E3D6F /* location-arrow.png in Resources */ = {isa = PBXBuildFile; fileRef = 0AFFF9521645A80B001E3D6F /* location-arrow.png */; };
/* End PBXBuildFile section */

/* Begin PBXFileReference section */
		0A2279E8160E658100E37FDE /* nycwifi 2.xcdatamodel */ = {isa = PBXFileReference; lastKnownFileType = wrapper.xcdatamodel; path = "nycwifi 2.xcdatamodel"; sourceTree = "<group>"; };
		0A2279F9160E6CA600E37FDE /* LocationDetails.h */ = {isa = PBXFileReference; fileEncoding = 4; lastKnownFileType = sourcecode.c.h; path = LocationDetails.h; sourceTree = "<group>"; };
		0A2279FA160E6CA700E37FDE /* LocationDetails.m */ = {isa = PBXFileReference; fileEncoding = 4; lastKnownFileType = sourcecode.c.objc; path = LocationDetails.m; sourceTree = "<group>"; };
		0A2279FC160E6CA700E37FDE /* LocationInfo.h */ = {isa = PBXFileReference; fileEncoding = 4; lastKnownFileType = sourcecode.c.h; path = LocationInfo.h; sourceTree = "<group>"; };
		0A2279FD160E6CA700E37FDE /* LocationInfo.m */ = {isa = PBXFileReference; fileEncoding = 4; lastKnownFileType = sourcecode.c.objc; path = LocationInfo.m; sourceTree = "<group>"; };
		0A4DBA911660404800CD17F3 /* UIBarButtonItem+WEPopover.h */ = {isa = PBXFileReference; fileEncoding = 4; lastKnownFileType = sourcecode.c.h; path = "UIBarButtonItem+WEPopover.h"; sourceTree = "<group>"; };
		0A4DBA921660404800CD17F3 /* UIBarButtonItem+WEPopover.m */ = {isa = PBXFileReference; fileEncoding = 4; lastKnownFileType = sourcecode.c.objc; path = "UIBarButtonItem+WEPopover.m"; sourceTree = "<group>"; };
		0A4DBA931660404800CD17F3 /* WEPopoverContainerView.h */ = {isa = PBXFileReference; fileEncoding = 4; lastKnownFileType = sourcecode.c.h; path = WEPopoverContainerView.h; sourceTree = "<group>"; };
		0A4DBA941660404800CD17F3 /* WEPopoverContainerView.m */ = {isa = PBXFileReference; fileEncoding = 4; lastKnownFileType = sourcecode.c.objc; path = WEPopoverContainerView.m; sourceTree = "<group>"; };
		0A4DBA951660404800CD17F3 /* WEPopoverController.h */ = {isa = PBXFileReference; fileEncoding = 4; lastKnownFileType = sourcecode.c.h; path = WEPopoverController.h; sourceTree = "<group>"; };
		0A4DBA961660404800CD17F3 /* WEPopoverController.m */ = {isa = PBXFileReference; fileEncoding = 4; lastKnownFileType = sourcecode.c.objc; path = WEPopoverController.m; sourceTree = "<group>"; };
		0A4DBA971660404800CD17F3 /* WEPopoverParentView.h */ = {isa = PBXFileReference; fileEncoding = 4; lastKnownFileType = sourcecode.c.h; path = WEPopoverParentView.h; sourceTree = "<group>"; };
		0A4DBA981660404800CD17F3 /* WETouchableView.h */ = {isa = PBXFileReference; fileEncoding = 4; lastKnownFileType = sourcecode.c.h; path = WETouchableView.h; sourceTree = "<group>"; };
		0A4DBA991660404800CD17F3 /* WETouchableView.m */ = {isa = PBXFileReference; fileEncoding = 4; lastKnownFileType = sourcecode.c.objc; path = WETouchableView.m; sourceTree = "<group>"; };
		0A4DBA9E166040B400CD17F3 /* popoverArrowDown.png */ = {isa = PBXFileReference; lastKnownFileType = image.png; path = popoverArrowDown.png; sourceTree = "<group>"; };
		0A4DBA9F166040B400CD17F3 /* popoverArrowDown@2x.png */ = {isa = PBXFileReference; lastKnownFileType = image.png; path = "popoverArrowDown@2x.png"; sourceTree = "<group>"; };
		0A4DBAA0166040B400CD17F3 /* popoverArrowDownSimple.png */ = {isa = PBXFileReference; lastKnownFileType = image.png; path = popoverArrowDownSimple.png; sourceTree = "<group>"; };
		0A4DBAA1166040B400CD17F3 /* popoverArrowLeft.png */ = {isa = PBXFileReference; lastKnownFileType = image.png; path = popoverArrowLeft.png; sourceTree = "<group>"; };
		0A4DBAA2166040B400CD17F3 /* popoverArrowLeft@2x.png */ = {isa = PBXFileReference; lastKnownFileType = image.png; path = "popoverArrowLeft@2x.png"; sourceTree = "<group>"; };
		0A4DBAA3166040B400CD17F3 /* popoverArrowLeftSimple.png */ = {isa = PBXFileReference; lastKnownFileType = image.png; path = popoverArrowLeftSimple.png; sourceTree = "<group>"; };
		0A4DBAA4166040B400CD17F3 /* popoverArrowRight.png */ = {isa = PBXFileReference; lastKnownFileType = image.png; path = popoverArrowRight.png; sourceTree = "<group>"; };
		0A4DBAA5166040B400CD17F3 /* popoverArrowRight@2x.png */ = {isa = PBXFileReference; lastKnownFileType = image.png; path = "popoverArrowRight@2x.png"; sourceTree = "<group>"; };
		0A4DBAA6166040B400CD17F3 /* popoverArrowRightSimple.png */ = {isa = PBXFileReference; lastKnownFileType = image.png; path = popoverArrowRightSimple.png; sourceTree = "<group>"; };
		0A4DBAA7166040B400CD17F3 /* popoverArrowUp.png */ = {isa = PBXFileReference; lastKnownFileType = image.png; path = popoverArrowUp.png; sourceTree = "<group>"; };
		0A4DBAA8166040B400CD17F3 /* popoverArrowUp@2x.png */ = {isa = PBXFileReference; lastKnownFileType = image.png; path = "popoverArrowUp@2x.png"; sourceTree = "<group>"; };
		0A4DBAA9166040B400CD17F3 /* popoverArrowUpSimple.png */ = {isa = PBXFileReference; lastKnownFileType = image.png; path = popoverArrowUpSimple.png; sourceTree = "<group>"; };
		0A4DBAAA166040B400CD17F3 /* popoverBg.png */ = {isa = PBXFileReference; lastKnownFileType = image.png; path = popoverBg.png; sourceTree = "<group>"; };
		0A4DBAAB166040B400CD17F3 /* popoverBg@2x.png */ = {isa = PBXFileReference; lastKnownFileType = image.png; path = "popoverBg@2x.png"; sourceTree = "<group>"; };
		0A4DBAAC166040B400CD17F3 /* popoverBgSimple.png */ = {isa = PBXFileReference; lastKnownFileType = image.png; path = popoverBgSimple.png; sourceTree = "<group>"; };
		0A4DBABC166040BF00CD17F3 /* PopoverViewController.h */ = {isa = PBXFileReference; fileEncoding = 4; lastKnownFileType = sourcecode.c.h; path = PopoverViewController.h; sourceTree = "<group>"; };
		0A4DBABD166040BF00CD17F3 /* PopoverViewController.m */ = {isa = PBXFileReference; fileEncoding = 4; lastKnownFileType = sourcecode.c.objc; path = PopoverViewController.m; sourceTree = "<group>"; };
		0A4DBAD01661541E00CD17F3 /* orange-pin.png */ = {isa = PBXFileReference; lastKnownFileType = image.png; path = "orange-pin.png"; sourceTree = "<group>"; };
		0A4DBAD21661EDB300CD17F3 /* AboutViewController.h */ = {isa = PBXFileReference; fileEncoding = 4; lastKnownFileType = sourcecode.c.h; path = AboutViewController.h; sourceTree = "<group>"; };
		0A4DBAD31661EDB500CD17F3 /* AboutViewController.m */ = {isa = PBXFileReference; fileEncoding = 4; lastKnownFileType = sourcecode.c.objc; path = AboutViewController.m; sourceTree = "<group>"; };
		0A556F7515F2C42600C5638C /* ASIAuthenticationDialog.h */ = {isa = PBXFileReference; fileEncoding = 4; lastKnownFileType = sourcecode.c.h; path = ASIAuthenticationDialog.h; sourceTree = "<group>"; };
		0A556F7615F2C42600C5638C /* Reachability.h */ = {isa = PBXFileReference; fileEncoding = 4; lastKnownFileType = sourcecode.c.h; path = Reachability.h; sourceTree = "<group>"; };
		0A556F7715F2C42600C5638C /* Reachability.m */ = {isa = PBXFileReference; fileEncoding = 4; lastKnownFileType = sourcecode.c.objc; path = Reachability.m; sourceTree = "<group>"; };
		0A556F7815F2C42600C5638C /* ASIAuthenticationDialog.m */ = {isa = PBXFileReference; fileEncoding = 4; lastKnownFileType = sourcecode.c.objc; path = ASIAuthenticationDialog.m; sourceTree = "<group>"; };
		0A556F7915F2C42600C5638C /* ASICacheDelegate.h */ = {isa = PBXFileReference; fileEncoding = 4; lastKnownFileType = sourcecode.c.h; path = ASICacheDelegate.h; sourceTree = "<group>"; };
		0A556F7A15F2C42600C5638C /* ASIDataCompressor.h */ = {isa = PBXFileReference; fileEncoding = 4; lastKnownFileType = sourcecode.c.h; path = ASIDataCompressor.h; sourceTree = "<group>"; };
		0A556F7B15F2C42600C5638C /* ASIDataCompressor.m */ = {isa = PBXFileReference; fileEncoding = 4; lastKnownFileType = sourcecode.c.objc; path = ASIDataCompressor.m; sourceTree = "<group>"; };
		0A556F7C15F2C42600C5638C /* ASIDataDecompressor.h */ = {isa = PBXFileReference; fileEncoding = 4; lastKnownFileType = sourcecode.c.h; path = ASIDataDecompressor.h; sourceTree = "<group>"; };
		0A556F7D15F2C42600C5638C /* ASIDataDecompressor.m */ = {isa = PBXFileReference; fileEncoding = 4; lastKnownFileType = sourcecode.c.objc; path = ASIDataDecompressor.m; sourceTree = "<group>"; };
		0A556F7E15F2C42600C5638C /* ASIDownloadCache.h */ = {isa = PBXFileReference; fileEncoding = 4; lastKnownFileType = sourcecode.c.h; path = ASIDownloadCache.h; sourceTree = "<group>"; };
		0A556F7F15F2C42600C5638C /* ASIDownloadCache.m */ = {isa = PBXFileReference; fileEncoding = 4; lastKnownFileType = sourcecode.c.objc; path = ASIDownloadCache.m; sourceTree = "<group>"; };
		0A556F8015F2C42600C5638C /* ASIFormDataRequest.h */ = {isa = PBXFileReference; fileEncoding = 4; lastKnownFileType = sourcecode.c.h; path = ASIFormDataRequest.h; sourceTree = "<group>"; };
		0A556F8115F2C42600C5638C /* ASIFormDataRequest.m */ = {isa = PBXFileReference; fileEncoding = 4; lastKnownFileType = sourcecode.c.objc; path = ASIFormDataRequest.m; sourceTree = "<group>"; };
		0A556F8215F2C42600C5638C /* ASIHTTPRequest.h */ = {isa = PBXFileReference; fileEncoding = 4; lastKnownFileType = sourcecode.c.h; path = ASIHTTPRequest.h; sourceTree = "<group>"; };
		0A556F8315F2C42600C5638C /* ASIHTTPRequest.m */ = {isa = PBXFileReference; fileEncoding = 4; lastKnownFileType = sourcecode.c.objc; path = ASIHTTPRequest.m; sourceTree = "<group>"; };
		0A556F8415F2C42600C5638C /* ASIHTTPRequestConfig.h */ = {isa = PBXFileReference; fileEncoding = 4; lastKnownFileType = sourcecode.c.h; path = ASIHTTPRequestConfig.h; sourceTree = "<group>"; };
		0A556F8515F2C42600C5638C /* ASIHTTPRequestDelegate.h */ = {isa = PBXFileReference; fileEncoding = 4; lastKnownFileType = sourcecode.c.h; path = ASIHTTPRequestDelegate.h; sourceTree = "<group>"; };
		0A556F8615F2C42600C5638C /* ASIInputStream.h */ = {isa = PBXFileReference; fileEncoding = 4; lastKnownFileType = sourcecode.c.h; path = ASIInputStream.h; sourceTree = "<group>"; };
		0A556F8715F2C42600C5638C /* ASIInputStream.m */ = {isa = PBXFileReference; fileEncoding = 4; lastKnownFileType = sourcecode.c.objc; path = ASIInputStream.m; sourceTree = "<group>"; };
		0A556F8815F2C42600C5638C /* ASINetworkQueue.h */ = {isa = PBXFileReference; fileEncoding = 4; lastKnownFileType = sourcecode.c.h; path = ASINetworkQueue.h; sourceTree = "<group>"; };
		0A556F8915F2C42600C5638C /* ASINetworkQueue.m */ = {isa = PBXFileReference; fileEncoding = 4; lastKnownFileType = sourcecode.c.objc; path = ASINetworkQueue.m; sourceTree = "<group>"; };
		0A556F8A15F2C42600C5638C /* ASIProgressDelegate.h */ = {isa = PBXFileReference; fileEncoding = 4; lastKnownFileType = sourcecode.c.h; path = ASIProgressDelegate.h; sourceTree = "<group>"; };
		0A556F9515F2C45000C5638C /* MBProgressHUD.h */ = {isa = PBXFileReference; fileEncoding = 4; lastKnownFileType = sourcecode.c.h; path = MBProgressHUD.h; sourceTree = "<group>"; };
		0A556F9615F2C45000C5638C /* MBProgressHUD.m */ = {isa = PBXFileReference; fileEncoding = 4; lastKnownFileType = sourcecode.c.objc; path = MBProgressHUD.m; sourceTree = "<group>"; };
		0A556F9815F2C47800C5638C /* wifi-pin.png */ = {isa = PBXFileReference; lastKnownFileType = image.png; path = "wifi-pin.png"; sourceTree = "<group>"; };
		0A556F9A15F2C4B200C5638C /* CFNetwork.framework */ = {isa = PBXFileReference; lastKnownFileType = wrapper.framework; name = CFNetwork.framework; path = System/Library/Frameworks/CFNetwork.framework; sourceTree = SDKROOT; };
		0A556F9C15F2C4BA00C5638C /* SystemConfiguration.framework */ = {isa = PBXFileReference; lastKnownFileType = wrapper.framework; name = SystemConfiguration.framework; path = System/Library/Frameworks/SystemConfiguration.framework; sourceTree = SDKROOT; };
		0A556F9E15F2C4C300C5638C /* MobileCoreServices.framework */ = {isa = PBXFileReference; lastKnownFileType = wrapper.framework; name = MobileCoreServices.framework; path = System/Library/Frameworks/MobileCoreServices.framework; sourceTree = SDKROOT; };
		0A556FA015F2C4D700C5638C /* libz.1.1.3.dylib */ = {isa = PBXFileReference; lastKnownFileType = "compiled.mach-o.dylib"; name = libz.1.1.3.dylib; path = usr/lib/libz.1.1.3.dylib; sourceTree = SDKROOT; };
		0A556FA215F3D24B00C5638C /* command.json */ = {isa = PBXFileReference; fileEncoding = 4; lastKnownFileType = text.json; path = command.json; sourceTree = "<group>"; };
		0A556FA515F41F8D00C5638C /* SMXMLDocument.h */ = {isa = PBXFileReference; fileEncoding = 4; lastKnownFileType = sourcecode.c.h; path = SMXMLDocument.h; sourceTree = "<group>"; };
		0A556FA615F41F9C00C5638C /* SMXMLDocument.m */ = {isa = PBXFileReference; fileEncoding = 4; lastKnownFileType = sourcecode.c.objc; path = SMXMLDocument.m; sourceTree = "<group>"; };
		0A5B3A311645971300E11B4A /* MapViewController.h */ = {isa = PBXFileReference; fileEncoding = 4; lastKnownFileType = sourcecode.c.h; path = MapViewController.h; sourceTree = "<group>"; };
		0A65F1D615ED6EB200E58FC5 /* NYC Wi-Fi.app */ = {isa = PBXFileReference; explicitFileType = wrapper.application; includeInIndex = 0; path = "NYC Wi-Fi.app"; sourceTree = BUILT_PRODUCTS_DIR; };
		0A65F1DA15ED6EB200E58FC5 /* UIKit.framework */ = {isa = PBXFileReference; lastKnownFileType = wrapper.framework; name = UIKit.framework; path = System/Library/Frameworks/UIKit.framework; sourceTree = SDKROOT; };
		0A65F1DC15ED6EB200E58FC5 /* Foundation.framework */ = {isa = PBXFileReference; lastKnownFileType = wrapper.framework; name = Foundation.framework; path = System/Library/Frameworks/Foundation.framework; sourceTree = SDKROOT; };
		0A65F1DE15ED6EB200E58FC5 /* CoreGraphics.framework */ = {isa = PBXFileReference; lastKnownFileType = wrapper.framework; name = CoreGraphics.framework; path = System/Library/Frameworks/CoreGraphics.framework; sourceTree = SDKROOT; };
		0A65F1E215ED6EB200E58FC5 /* NYC Wi-Fi-Info.plist */ = {isa = PBXFileReference; lastKnownFileType = text.plist.xml; path = "NYC Wi-Fi-Info.plist"; sourceTree = "<group>"; };
		0A65F1E415ED6EB200E58FC5 /* en */ = {isa = PBXFileReference; lastKnownFileType = text.plist.strings; name = en; path = en.lproj/InfoPlist.strings; sourceTree = "<group>"; };
		0A65F1E615ED6EB200E58FC5 /* main.m */ = {isa = PBXFileReference; lastKnownFileType = sourcecode.c.objc; path = main.m; sourceTree = "<group>"; };
		0A65F1E815ED6EB200E58FC5 /* NYC Wi-Fi-Prefix.pch */ = {isa = PBXFileReference; lastKnownFileType = sourcecode.c.h; path = "NYC Wi-Fi-Prefix.pch"; sourceTree = "<group>"; };
		0A65F1E915ED6EB200E58FC5 /* AppDelegate.h */ = {isa = PBXFileReference; lastKnownFileType = sourcecode.c.h; path = AppDelegate.h; sourceTree = "<group>"; };
		0A65F1EA15ED6EB200E58FC5 /* AppDelegate.m */ = {isa = PBXFileReference; lastKnownFileType = sourcecode.c.objc; path = AppDelegate.m; sourceTree = "<group>"; };
		0A65F1ED15ED6EB200E58FC5 /* en */ = {isa = PBXFileReference; lastKnownFileType = file.storyboard; name = en; path = en.lproj/MainStoryboard.storyboard; sourceTree = "<group>"; };
		0A65F1F015ED6EB200E58FC5 /* MapViewController.m */ = {isa = PBXFileReference; lastKnownFileType = sourcecode.c.objc; path = MapViewController.m; sourceTree = "<group>"; };
		0A83BBA31646D2AF00319860 /* Default-568h@2x.png */ = {isa = PBXFileReference; lastKnownFileType = image.png; name = "Default-568h@2x.png"; path = "../Default-568h@2x.png"; sourceTree = "<group>"; };
		0A9679F015F7FEDA00EB60B6 /* ListViewController.h */ = {isa = PBXFileReference; fileEncoding = 4; lastKnownFileType = sourcecode.c.h; path = ListViewController.h; sourceTree = "<group>"; };
		0A9679F115F7FEDB00EB60B6 /* ListViewController.m */ = {isa = PBXFileReference; fileEncoding = 4; lastKnownFileType = sourcecode.c.objc; path = ListViewController.m; sourceTree = "<group>"; };
		0A9DE5C3165818FF009EAF5E /* tab-notepad.png */ = {isa = PBXFileReference; lastKnownFileType = image.png; path = "tab-notepad.png"; sourceTree = "<group>"; };
		0A9DE5C4165818FF009EAF5E /* tab-pin.png */ = {isa = PBXFileReference; lastKnownFileType = image.png; path = "tab-pin.png"; sourceTree = "<group>"; };
		0A9DE5C716584CD2009EAF5E /* LocationDetailTVC.h */ = {isa = PBXFileReference; fileEncoding = 4; lastKnownFileType = sourcecode.c.h; path = LocationDetailTVC.h; sourceTree = "<group>"; };
		0A9DE5C816584CD2009EAF5E /* LocationDetailTVC.m */ = {isa = PBXFileReference; fileEncoding = 4; lastKnownFileType = sourcecode.c.objc; path = LocationDetailTVC.m; sourceTree = "<group>"; };
		0A9E08D7165CA06100DFF08C /* green-pin.png */ = {isa = PBXFileReference; lastKnownFileType = image.png; path = "green-pin.png"; sourceTree = "<group>"; };
		0A9E08DA165D4AD400DFF08C /* yellow-pin.png */ = {isa = PBXFileReference; lastKnownFileType = image.png; path = "yellow-pin.png"; sourceTree = "<group>"; };
		0AA37CD915F1D54D00659109 /* ButtonMenu.png */ = {isa = PBXFileReference; lastKnownFileType = image.png; path = ButtonMenu.png; sourceTree = "<group>"; };
		0AAC8FAD15FEA50E003B85F7 /* CoreData.framework */ = {isa = PBXFileReference; lastKnownFileType = wrapper.framework; name = CoreData.framework; path = System/Library/Frameworks/CoreData.framework; sourceTree = SDKROOT; };
		0AAC8FB015FEA53D003B85F7 /* nycwifi.xcdatamodel */ = {isa = PBXFileReference; lastKnownFileType = wrapper.xcdatamodel; path = nycwifi.xcdatamodel; sourceTree = "<group>"; };
		0AD7BC8B16632D0B006745F7 /* MessageUI.framework */ = {isa = PBXFileReference; lastKnownFileType = wrapper.framework; name = MessageUI.framework; path = System/Library/Frameworks/MessageUI.framework; sourceTree = SDKROOT; };
		0AEE2C7E15F1660A003C3BE8 /* CoreLocation.framework */ = {isa = PBXFileReference; lastKnownFileType = wrapper.framework; name = CoreLocation.framework; path = System/Library/Frameworks/CoreLocation.framework; sourceTree = SDKROOT; };
		0AFFD5F615F133720023C83C /* MapKit.framework */ = {isa = PBXFileReference; lastKnownFileType = wrapper.framework; name = MapKit.framework; path = System/Library/Frameworks/MapKit.framework; sourceTree = SDKROOT; };
		0AFFD5FD15F140770023C83C /* MapLocation.h */ = {isa = PBXFileReference; fileEncoding = 4; lastKnownFileType = sourcecode.c.h; path = MapLocation.h; sourceTree = "<group>"; };
		0AFFD5FE15F140770023C83C /* MapLocation.m */ = {isa = PBXFileReference; fileEncoding = 4; lastKnownFileType = sourcecode.c.objc; path = MapLocation.m; sourceTree = "<group>"; };
		0AFFF94F1645A3E7001E3D6F /* location-button.png */ = {isa = PBXFileReference; lastKnownFileType = image.png; path = "location-button.png"; sourceTree = "<group>"; };
		0AFFF9521645A80B001E3D6F /* location-arrow.png */ = {isa = PBXFileReference; lastKnownFileType = image.png; path = "location-arrow.png"; sourceTree = "<group>"; };
/* End PBXFileReference section */

/* Begin PBXFrameworksBuildPhase section */
		0A65F1D315ED6EB200E58FC5 /* Frameworks */ = {
			isa = PBXFrameworksBuildPhase;
			buildActionMask = 2147483647;
			files = (
				0AD7BC8C16632D0B006745F7 /* MessageUI.framework in Frameworks */,
				0AAC8FAE15FEA50E003B85F7 /* CoreData.framework in Frameworks */,
				0A556FA115F2C4D700C5638C /* libz.1.1.3.dylib in Frameworks */,
				0A556F9F15F2C4C300C5638C /* MobileCoreServices.framework in Frameworks */,
				0A556F9D15F2C4BA00C5638C /* SystemConfiguration.framework in Frameworks */,
				0A556F9B15F2C4B200C5638C /* CFNetwork.framework in Frameworks */,
				0AEE2C7F15F1660A003C3BE8 /* CoreLocation.framework in Frameworks */,
				0AFFD5F715F133720023C83C /* MapKit.framework in Frameworks */,
				0A65F1DB15ED6EB200E58FC5 /* UIKit.framework in Frameworks */,
				0A65F1DD15ED6EB200E58FC5 /* Foundation.framework in Frameworks */,
				0A65F1DF15ED6EB200E58FC5 /* CoreGraphics.framework in Frameworks */,
			);
			runOnlyForDeploymentPostprocessing = 0;
		};
/* End PBXFrameworksBuildPhase section */

/* Begin PBXGroup section */
		0A22800A1603C8FA00189106 /* Model */ = {
			isa = PBXGroup;
			children = (
				0A2279FC160E6CA700E37FDE /* LocationInfo.h */,
				0A2279FD160E6CA700E37FDE /* LocationInfo.m */,
				0A2279F9160E6CA600E37FDE /* LocationDetails.h */,
				0A2279FA160E6CA700E37FDE /* LocationDetails.m */,
			);
			name = Model;
			sourceTree = "<group>";
		};
		0A4DBA901660400F00CD17F3 /* Popover */ = {
			isa = PBXGroup;
			children = (
				0A4DBA911660404800CD17F3 /* UIBarButtonItem+WEPopover.h */,
				0A4DBA921660404800CD17F3 /* UIBarButtonItem+WEPopover.m */,
				0A4DBA931660404800CD17F3 /* WEPopoverContainerView.h */,
				0A4DBA941660404800CD17F3 /* WEPopoverContainerView.m */,
				0A4DBA951660404800CD17F3 /* WEPopoverController.h */,
				0A4DBA961660404800CD17F3 /* WEPopoverController.m */,
				0A4DBA971660404800CD17F3 /* WEPopoverParentView.h */,
				0A4DBA981660404800CD17F3 /* WETouchableView.h */,
				0A4DBA991660404800CD17F3 /* WETouchableView.m */,
			);
			name = Popover;
			sourceTree = "<group>";
		};
		0A556F7415F2C41700C5638C /* ASIHTTPRequest */ = {
			isa = PBXGroup;
			children = (
				0A556F7515F2C42600C5638C /* ASIAuthenticationDialog.h */,
				0A556F7615F2C42600C5638C /* Reachability.h */,
				0A556F7715F2C42600C5638C /* Reachability.m */,
				0A556F7815F2C42600C5638C /* ASIAuthenticationDialog.m */,
				0A556F7915F2C42600C5638C /* ASICacheDelegate.h */,
				0A556F7A15F2C42600C5638C /* ASIDataCompressor.h */,
				0A556F7B15F2C42600C5638C /* ASIDataCompressor.m */,
				0A556F7C15F2C42600C5638C /* ASIDataDecompressor.h */,
				0A556F7D15F2C42600C5638C /* ASIDataDecompressor.m */,
				0A556F7E15F2C42600C5638C /* ASIDownloadCache.h */,
				0A556F7F15F2C42600C5638C /* ASIDownloadCache.m */,
				0A556F8015F2C42600C5638C /* ASIFormDataRequest.h */,
				0A556F8115F2C42600C5638C /* ASIFormDataRequest.m */,
				0A556F8215F2C42600C5638C /* ASIHTTPRequest.h */,
				0A556F8315F2C42600C5638C /* ASIHTTPRequest.m */,
				0A556F8415F2C42600C5638C /* ASIHTTPRequestConfig.h */,
				0A556F8515F2C42600C5638C /* ASIHTTPRequestDelegate.h */,
				0A556F8615F2C42600C5638C /* ASIInputStream.h */,
				0A556F8715F2C42600C5638C /* ASIInputStream.m */,
				0A556F8815F2C42600C5638C /* ASINetworkQueue.h */,
				0A556F8915F2C42600C5638C /* ASINetworkQueue.m */,
				0A556F8A15F2C42600C5638C /* ASIProgressDelegate.h */,
			);
			name = ASIHTTPRequest;
			sourceTree = "<group>";
		};
		0A556F9415F2C44700C5638C /* MBProgressHUD */ = {
			isa = PBXGroup;
			children = (
				0A556F9515F2C45000C5638C /* MBProgressHUD.h */,
				0A556F9615F2C45000C5638C /* MBProgressHUD.m */,
			);
			name = MBProgressHUD;
			sourceTree = "<group>";
		};
		0A556FA415F41F6300C5638C /* SMXMLDocument */ = {
			isa = PBXGroup;
			children = (
				0A556FA515F41F8D00C5638C /* SMXMLDocument.h */,
				0A556FA615F41F9C00C5638C /* SMXMLDocument.m */,
			);
			name = SMXMLDocument;
			sourceTree = "<group>";
		};
		0A65F1CB15ED6EB200E58FC5 = {
			isa = PBXGroup;
			children = (
				0A556FA015F2C4D700C5638C /* libz.1.1.3.dylib */,
				0A65F1E015ED6EB200E58FC5 /* NYC Wi-Fi */,
				0A65F1D915ED6EB200E58FC5 /* Frameworks */,
				0A65F1D715ED6EB200E58FC5 /* Products */,
			);
			sourceTree = "<group>";
		};
		0A65F1D715ED6EB200E58FC5 /* Products */ = {
			isa = PBXGroup;
			children = (
				0A65F1D615ED6EB200E58FC5 /* NYC Wi-Fi.app */,
			);
			name = Products;
			sourceTree = "<group>";
		};
		0A65F1D915ED6EB200E58FC5 /* Frameworks */ = {
			isa = PBXGroup;
			children = (
				0AD7BC8B16632D0B006745F7 /* MessageUI.framework */,
				0AAC8FAD15FEA50E003B85F7 /* CoreData.framework */,
				0A556F9E15F2C4C300C5638C /* MobileCoreServices.framework */,
				0A556F9C15F2C4BA00C5638C /* SystemConfiguration.framework */,
				0A556F9A15F2C4B200C5638C /* CFNetwork.framework */,
				0AEE2C7E15F1660A003C3BE8 /* CoreLocation.framework */,
				0AFFD5F615F133720023C83C /* MapKit.framework */,
				0A65F1DA15ED6EB200E58FC5 /* UIKit.framework */,
				0A65F1DC15ED6EB200E58FC5 /* Foundation.framework */,
				0A65F1DE15ED6EB200E58FC5 /* CoreGraphics.framework */,
			);
			name = Frameworks;
			sourceTree = "<group>";
		};
		0A65F1E015ED6EB200E58FC5 /* NYC Wi-Fi */ = {
			isa = PBXGroup;
			children = (
				0A22800A1603C8FA00189106 /* Model */,
				0AEE2C8115F16631003C3BE8 /* Additions */,
				0A65F1E915ED6EB200E58FC5 /* AppDelegate.h */,
				0A65F1EA15ED6EB200E58FC5 /* AppDelegate.m */,
				0A65F1EC15ED6EB200E58FC5 /* MainStoryboard.storyboard */,
				0A9679F015F7FEDA00EB60B6 /* ListViewController.h */,
				0A9679F115F7FEDB00EB60B6 /* ListViewController.m */,
				0AFFD5FD15F140770023C83C /* MapLocation.h */,
				0AFFD5FE15F140770023C83C /* MapLocation.m */,
				0A5B3A311645971300E11B4A /* MapViewController.h */,
				0A65F1F015ED6EB200E58FC5 /* MapViewController.m */,
				0A9DE5C716584CD2009EAF5E /* LocationDetailTVC.h */,
				0A9DE5C816584CD2009EAF5E /* LocationDetailTVC.m */,
				0A4DBAD21661EDB300CD17F3 /* AboutViewController.h */,
				0A4DBAD31661EDB500CD17F3 /* AboutViewController.m */,
				0A4DBABC166040BF00CD17F3 /* PopoverViewController.h */,
				0A4DBABD166040BF00CD17F3 /* PopoverViewController.m */,
				0A65F1E115ED6EB200E58FC5 /* Supporting Files */,
			);
			path = "NYC Wi-Fi";
			sourceTree = "<group>";
		};
		0A65F1E115ED6EB200E58FC5 /* Supporting Files */ = {
			isa = PBXGroup;
			children = (
				0AAC8FAF15FEA53D003B85F7 /* nycwifi.xcdatamodeld */,
				0A556FA215F3D24B00C5638C /* command.json */,
				0AA37CD715F1D53C00659109 /* Images */,
				0A65F1E215ED6EB200E58FC5 /* NYC Wi-Fi-Info.plist */,
				0A65F1E315ED6EB200E58FC5 /* InfoPlist.strings */,
				0A65F1E615ED6EB200E58FC5 /* main.m */,
				0A65F1E815ED6EB200E58FC5 /* NYC Wi-Fi-Prefix.pch */,
			);
			name = "Supporting Files";
			sourceTree = "<group>";
		};
		0AA37CD715F1D53C00659109 /* Images */ = {
			isa = PBXGroup;
			children = (
				0A4DBAD01661541E00CD17F3 /* orange-pin.png */,
				0A4DBA9E166040B400CD17F3 /* popoverArrowDown.png */,
				0A4DBA9F166040B400CD17F3 /* popoverArrowDown@2x.png */,
				0A4DBAA0166040B400CD17F3 /* popoverArrowDownSimple.png */,
				0A4DBAA1166040B400CD17F3 /* popoverArrowLeft.png */,
				0A4DBAA2166040B400CD17F3 /* popoverArrowLeft@2x.png */,
				0A4DBAA3166040B400CD17F3 /* popoverArrowLeftSimple.png */,
				0A4DBAA4166040B400CD17F3 /* popoverArrowRight.png */,
				0A4DBAA5166040B400CD17F3 /* popoverArrowRight@2x.png */,
				0A4DBAA6166040B400CD17F3 /* popoverArrowRightSimple.png */,
				0A4DBAA7166040B400CD17F3 /* popoverArrowUp.png */,
				0A4DBAA8166040B400CD17F3 /* popoverArrowUp@2x.png */,
				0A4DBAA9166040B400CD17F3 /* popoverArrowUpSimple.png */,
				0A4DBAAA166040B400CD17F3 /* popoverBg.png */,
				0A4DBAAB166040B400CD17F3 /* popoverBg@2x.png */,
				0A4DBAAC166040B400CD17F3 /* popoverBgSimple.png */,
				0A9E08DA165D4AD400DFF08C /* yellow-pin.png */,
				0A9E08D7165CA06100DFF08C /* green-pin.png */,
				0A9DE5C3165818FF009EAF5E /* tab-notepad.png */,
				0A9DE5C4165818FF009EAF5E /* tab-pin.png */,
				0A83BBA31646D2AF00319860 /* Default-568h@2x.png */,
				0AFFF9521645A80B001E3D6F /* location-arrow.png */,
				0AFFF94F1645A3E7001E3D6F /* location-button.png */,
				0A556F9815F2C47800C5638C /* wifi-pin.png */,
				0AA37CD915F1D54D00659109 /* ButtonMenu.png */,
			);
			name = Images;
			sourceTree = "<group>";
		};
		0AEE2C8115F16631003C3BE8 /* Additions */ = {
			isa = PBXGroup;
			children = (
				0A4DBA901660400F00CD17F3 /* Popover */,
				0A556FA415F41F6300C5638C /* SMXMLDocument */,
				0A556F9415F2C44700C5638C /* MBProgressHUD */,
				0A556F7415F2C41700C5638C /* ASIHTTPRequest */,
			);
			name = Additions;
			sourceTree = "<group>";
		};
/* End PBXGroup section */

/* Begin PBXNativeTarget section */
		0A65F1D515ED6EB200E58FC5 /* NYC Wi-Fi */ = {
			isa = PBXNativeTarget;
			buildConfigurationList = 0A65F1F415ED6EB200E58FC5 /* Build configuration list for PBXNativeTarget "NYC Wi-Fi" */;
			buildPhases = (
				0A65F1D215ED6EB200E58FC5 /* Sources */,
				0A65F1D315ED6EB200E58FC5 /* Frameworks */,
				0A65F1D415ED6EB200E58FC5 /* Resources */,
			);
			buildRules = (
			);
			dependencies = (
			);
			name = "NYC Wi-Fi";
			productName = "NYC Wi-Fi";
			productReference = 0A65F1D615ED6EB200E58FC5 /* NYC Wi-Fi.app */;
			productType = "com.apple.product-type.application";
		};
/* End PBXNativeTarget section */

/* Begin PBXProject section */
		0A65F1CD15ED6EB200E58FC5 /* Project object */ = {
			isa = PBXProject;
			attributes = {
				LastUpgradeCheck = 0440;
				ORGANIZATIONNAME = "Kevin Wolkober";
			};
			buildConfigurationList = 0A65F1D015ED6EB200E58FC5 /* Build configuration list for PBXProject "NYC Wi-Fi" */;
			compatibilityVersion = "Xcode 3.2";
			developmentRegion = English;
			hasScannedForEncodings = 0;
			knownRegions = (
				en,
			);
			mainGroup = 0A65F1CB15ED6EB200E58FC5;
			productRefGroup = 0A65F1D715ED6EB200E58FC5 /* Products */;
			projectDirPath = "";
			projectRoot = "";
			targets = (
				0A65F1D515ED6EB200E58FC5 /* NYC Wi-Fi */,
			);
		};
/* End PBXProject section */

/* Begin PBXResourcesBuildPhase section */
		0A65F1D415ED6EB200E58FC5 /* Resources */ = {
			isa = PBXResourcesBuildPhase;
			buildActionMask = 2147483647;
			files = (
				0A65F1E515ED6EB200E58FC5 /* InfoPlist.strings in Resources */,
				0A65F1EE15ED6EB200E58FC5 /* MainStoryboard.storyboard in Resources */,
				0AA37CDA15F1D54D00659109 /* ButtonMenu.png in Resources */,
				0A556F9915F2C47800C5638C /* wifi-pin.png in Resources */,
				0A556FA315F3D24B00C5638C /* command.json in Resources */,
				0AFFF9501645A3E7001E3D6F /* location-button.png in Resources */,
				0AFFF9531645A80B001E3D6F /* location-arrow.png in Resources */,
				0A83BBA41646D2AF00319860 /* Default-568h@2x.png in Resources */,
				0A9DE5C516581900009EAF5E /* tab-notepad.png in Resources */,
				0A9DE5C616581900009EAF5E /* tab-pin.png in Resources */,
				0A9E08D8165CA06100DFF08C /* green-pin.png in Resources */,
				0A9E08DB165D4AD400DFF08C /* yellow-pin.png in Resources */,
				0A4DBAAD166040B400CD17F3 /* popoverArrowDown.png in Resources */,
				0A4DBAAE166040B400CD17F3 /* popoverArrowDown@2x.png in Resources */,
				0A4DBAAF166040B400CD17F3 /* popoverArrowDownSimple.png in Resources */,
				0A4DBAB0166040B400CD17F3 /* popoverArrowLeft.png in Resources */,
				0A4DBAB1166040B400CD17F3 /* popoverArrowLeft@2x.png in Resources */,
				0A4DBAB2166040B400CD17F3 /* popoverArrowLeftSimple.png in Resources */,
				0A4DBAB3166040B400CD17F3 /* popoverArrowRight.png in Resources */,
				0A4DBAB4166040B400CD17F3 /* popoverArrowRight@2x.png in Resources */,
				0A4DBAB5166040B400CD17F3 /* popoverArrowRightSimple.png in Resources */,
				0A4DBAB6166040B400CD17F3 /* popoverArrowUp.png in Resources */,
				0A4DBAB7166040B400CD17F3 /* popoverArrowUp@2x.png in Resources */,
				0A4DBAB8166040B400CD17F3 /* popoverArrowUpSimple.png in Resources */,
				0A4DBAB9166040B400CD17F3 /* popoverBg.png in Resources */,
				0A4DBABA166040B400CD17F3 /* popoverBg@2x.png in Resources */,
				0A4DBABB166040B400CD17F3 /* popoverBgSimple.png in Resources */,
				0A4DBAD11661541E00CD17F3 /* orange-pin.png in Resources */,
			);
			runOnlyForDeploymentPostprocessing = 0;
		};
/* End PBXResourcesBuildPhase section */

/* Begin PBXSourcesBuildPhase section */
		0A65F1D215ED6EB200E58FC5 /* Sources */ = {
			isa = PBXSourcesBuildPhase;
			buildActionMask = 2147483647;
			files = (
				0A65F1E715ED6EB200E58FC5 /* main.m in Sources */,
				0A65F1EB15ED6EB200E58FC5 /* AppDelegate.m in Sources */,
				0A65F1F115ED6EB200E58FC5 /* MapViewController.m in Sources */,
				0AFFD5FF15F140770023C83C /* MapLocation.m in Sources */,
				0A556F8B15F2C42600C5638C /* Reachability.m in Sources */,
				0A556F8C15F2C42600C5638C /* ASIAuthenticationDialog.m in Sources */,
				0A556F8D15F2C42600C5638C /* ASIDataCompressor.m in Sources */,
				0A556F8E15F2C42600C5638C /* ASIDataDecompressor.m in Sources */,
				0A556F8F15F2C42600C5638C /* ASIDownloadCache.m in Sources */,
				0A556F9015F2C42600C5638C /* ASIFormDataRequest.m in Sources */,
				0A556F9115F2C42600C5638C /* ASIHTTPRequest.m in Sources */,
				0A556F9215F2C42600C5638C /* ASIInputStream.m in Sources */,
				0A556F9315F2C42600C5638C /* ASINetworkQueue.m in Sources */,
				0A556F9715F2C45000C5638C /* MBProgressHUD.m in Sources */,
				0A556FA715F41F9C00C5638C /* SMXMLDocument.m in Sources */,
				0A9679F215F7FEDB00EB60B6 /* ListViewController.m in Sources */,
				0AAC8FB115FEA53D003B85F7 /* nycwifi.xcdatamodeld in Sources */,
				0A2279FB160E6CA700E37FDE /* LocationDetails.m in Sources */,
				0A2279FE160E6CA700E37FDE /* LocationInfo.m in Sources */,
				0A9DE5C916584CD2009EAF5E /* LocationDetailTVC.m in Sources */,
				0A4DBA9A1660404800CD17F3 /* UIBarButtonItem+WEPopover.m in Sources */,
				0A4DBA9B1660404800CD17F3 /* WEPopoverContainerView.m in Sources */,
				0A4DBA9C1660404800CD17F3 /* WEPopoverController.m in Sources */,
				0A4DBA9D1660404800CD17F3 /* WETouchableView.m in Sources */,
				0A4DBABE166040BF00CD17F3 /* PopoverViewController.m in Sources */,
				0A4DBAD41661EDB600CD17F3 /* AboutViewController.m in Sources */,
			);
			runOnlyForDeploymentPostprocessing = 0;
		};
/* End PBXSourcesBuildPhase section */

/* Begin PBXVariantGroup section */
		0A65F1E315ED6EB200E58FC5 /* InfoPlist.strings */ = {
			isa = PBXVariantGroup;
			children = (
				0A65F1E415ED6EB200E58FC5 /* en */,
			);
			name = InfoPlist.strings;
			sourceTree = "<group>";
		};
		0A65F1EC15ED6EB200E58FC5 /* MainStoryboard.storyboard */ = {
			isa = PBXVariantGroup;
			children = (
				0A65F1ED15ED6EB200E58FC5 /* en */,
			);
			name = MainStoryboard.storyboard;
			sourceTree = "<group>";
		};
/* End PBXVariantGroup section */

/* Begin XCBuildConfiguration section */
		0A65F1F215ED6EB200E58FC5 /* Debug */ = {
			isa = XCBuildConfiguration;
			buildSettings = {
				ALWAYS_SEARCH_USER_PATHS = NO;
				ARCHS = "$(ARCHS_STANDARD_32_BIT)";
				CLANG_CXX_LANGUAGE_STANDARD = "gnu++0x";
				CLANG_ENABLE_OBJC_ARC = YES;
				CLANG_WARN__DUPLICATE_METHOD_MATCH = YES;
				"CODE_SIGN_IDENTITY[sdk=iphoneos*]" = "iPhone Developer";
				COPY_PHASE_STRIP = NO;
				GCC_C_LANGUAGE_STANDARD = gnu99;
				GCC_DYNAMIC_NO_PIC = NO;
				GCC_OPTIMIZATION_LEVEL = 0;
				GCC_PREPROCESSOR_DEFINITIONS = (
					"DEBUG=1",
					"$(inherited)",
				);
				GCC_SYMBOLS_PRIVATE_EXTERN = NO;
				GCC_VERSION = com.apple.compilers.llvm.clang.1_0;
				GCC_WARN_ABOUT_RETURN_TYPE = YES;
				GCC_WARN_UNINITIALIZED_AUTOS = YES;
				GCC_WARN_UNUSED_VARIABLE = YES;
				IPHONEOS_DEPLOYMENT_TARGET = 5.1;
				SDKROOT = iphoneos;
			};
			name = Debug;
		};
		0A65F1F315ED6EB200E58FC5 /* Release */ = {
			isa = XCBuildConfiguration;
			buildSettings = {
				ALWAYS_SEARCH_USER_PATHS = NO;
				ARCHS = "$(ARCHS_STANDARD_32_BIT)";
				CLANG_CXX_LANGUAGE_STANDARD = "gnu++0x";
				CLANG_ENABLE_OBJC_ARC = YES;
				CLANG_WARN__DUPLICATE_METHOD_MATCH = YES;
				"CODE_SIGN_IDENTITY[sdk=iphoneos*]" = "iPhone Developer";
				COPY_PHASE_STRIP = YES;
				GCC_C_LANGUAGE_STANDARD = gnu99;
				GCC_VERSION = com.apple.compilers.llvm.clang.1_0;
				GCC_WARN_ABOUT_RETURN_TYPE = YES;
				GCC_WARN_UNINITIALIZED_AUTOS = YES;
				GCC_WARN_UNUSED_VARIABLE = YES;
				IPHONEOS_DEPLOYMENT_TARGET = 5.1;
				OTHER_CFLAGS = "-DNS_BLOCK_ASSERTIONS=1";
				SDKROOT = iphoneos;
				VALIDATE_PRODUCT = YES;
			};
			name = Release;
		};
		0A65F1F515ED6EB200E58FC5 /* Debug */ = {
			isa = XCBuildConfiguration;
			buildSettings = {
				GCC_PRECOMPILE_PREFIX_HEADER = YES;
				GCC_PREFIX_HEADER = "NYC Wi-Fi/NYC Wi-Fi-Prefix.pch";
				INFOPLIST_FILE = "NYC Wi-Fi/NYC Wi-Fi-Info.plist";
				PRODUCT_NAME = "$(TARGET_NAME)";
				WRAPPER_EXTENSION = app;
			};
			name = Debug;
		};
		0A65F1F615ED6EB200E58FC5 /* Release */ = {
			isa = XCBuildConfiguration;
			buildSettings = {
				GCC_PRECOMPILE_PREFIX_HEADER = YES;
				GCC_PREFIX_HEADER = "NYC Wi-Fi/NYC Wi-Fi-Prefix.pch";
				INFOPLIST_FILE = "NYC Wi-Fi/NYC Wi-Fi-Info.plist";
				PRODUCT_NAME = "$(TARGET_NAME)";
				WRAPPER_EXTENSION = app;
			};
			name = Release;
		};
/* End XCBuildConfiguration section */

/* Begin XCConfigurationList section */
		0A65F1D015ED6EB200E58FC5 /* Build configuration list for PBXProject "NYC Wi-Fi" */ = {
			isa = XCConfigurationList;
			buildConfigurations = (
				0A65F1F215ED6EB200E58FC5 /* Debug */,
				0A65F1F315ED6EB200E58FC5 /* Release */,
			);
			defaultConfigurationIsVisible = 0;
			defaultConfigurationName = Release;
		};
		0A65F1F415ED6EB200E58FC5 /* Build configuration list for PBXNativeTarget "NYC Wi-Fi" */ = {
			isa = XCConfigurationList;
			buildConfigurations = (
				0A65F1F515ED6EB200E58FC5 /* Debug */,
				0A65F1F615ED6EB200E58FC5 /* Release */,
			);
			defaultConfigurationIsVisible = 0;
			defaultConfigurationName = Release;
		};
/* End XCConfigurationList section */

/* Begin XCVersionGroup section */
		0AAC8FAF15FEA53D003B85F7 /* nycwifi.xcdatamodeld */ = {
			isa = XCVersionGroup;
			children = (
				0A2279E8160E658100E37FDE /* nycwifi 2.xcdatamodel */,
				0AAC8FB015FEA53D003B85F7 /* nycwifi.xcdatamodel */,
			);
			currentVersion = 0A2279E8160E658100E37FDE /* nycwifi 2.xcdatamodel */;
			path = nycwifi.xcdatamodeld;
			sourceTree = "<group>";
			versionGroupType = wrapper.xcdatamodel;
		};
/* End XCVersionGroup section */
	};
	rootObject = 0A65F1CD15ED6EB200E58FC5 /* Project object */;
}
